
Microsoft Visual Studio Solution File, Format Version 12.00
# Visual Studio 15
Project("{FAE04EC0-301F-11D3-BF4B-00C04F79EFBC}") = "SteamVR", "SteamVR.csproj", "{EDC004E7-B18C-1D2F-B0A4-3E7E9F48CDB0}"
EndProject
Project("{FAE04EC0-301F-11D3-BF4B-00C04F79EFBC}") = "SteamVR_Actions", "SteamVR_Actions.csproj", "{9079B9F8-2BDA-98D4-EDAC-E3765A506A13}"
EndProject
Project("{FAE04EC0-301F-11D3-BF4B-00C04F79EFBC}") = "Assembly-CSharp", "Assembly-CSharp.csproj", "{BAB3BA44-6A73-C11E-7E29-7A6B25C00064}"
EndProject
Project("{FAE04EC0-301F-11D3-BF4B-00C04F79EFBC}") = "SteamVR_Editor", "SteamVR_Editor.csproj", "{F3C74D98-2748-C763-B7FC-570977BECFFA}"
EndProject
Project("{FAE04EC0-301F-11D3-BF4B-00C04F79EFBC}") = "SteamVR_Input_Editor", "SteamVR_Input_Editor.csproj", "{396B7708-03C4-537D-54D1-38B5CD7AD84F}"
EndProject
Project("{FAE04EC0-301F-11D3-BF4B-00C04F79EFBC}") = "SteamVR_Windows_EditorHelper", "SteamVR_Windows_EditorHelper.csproj", "{D59D4C40-B104-54BC-022E-75DDE62A47D9}"
EndProject
Global
	GlobalSection(SolutionConfigurationPlatforms) = preSolution
		Debug|Any CPU = Debug|Any CPU
		Release|Any CPU = Release|Any CPU
	EndGlobalSection
	GlobalSection(ProjectConfigurationPlatforms) = postSolution
		{EDC004E7-B18C-1D2F-B0A4-3E7E9F48CDB0}.Debug|Any CPU.ActiveCfg = Debug|Any CPU
		{EDC004E7-B18C-1D2F-B0A4-3E7E9F48CDB0}.Debug|Any CPU.Build.0 = Debug|Any CPU
		{EDC004E7-B18C-1D2F-B0A4-3E7E9F48CDB0}.Release|Any CPU.ActiveCfg = Release|Any CPU
		{EDC004E7-B18C-1D2F-B0A4-3E7E9F48CDB0}.Release|Any CPU.Build.0 = Release|Any CPU
		{9079B9F8-2BDA-98D4-EDAC-E3765A506A13}.Debug|Any CPU.ActiveCfg = Debug|Any CPU
		{9079B9F8-2BDA-98D4-EDAC-E3765A506A13}.Debug|Any CPU.Build.0 = Debug|Any CPU
		{9079B9F8-2BDA-98D4-EDAC-E3765A506A13}.Release|Any CPU.ActiveCfg = Release|Any CPU
		{9079B9F8-2BDA-98D4-EDAC-E3765A506A13}.Release|Any CPU.Build.0 = Release|Any CPU
		{BAB3BA44-6A73-C11E-7E29-7A6B25C00064}.Debug|Any CPU.ActiveCfg = Debug|Any CPU
		{BAB3BA44-6A73-C11E-7E29-7A6B25C00064}.Debug|Any CPU.Build.0 = Debug|Any CPU
		{BAB3BA44-6A73-C11E-7E29-7A6B25C00064}.Release|Any CPU.ActiveCfg = Release|Any CPU
		{BAB3BA44-6A73-C11E-7E29-7A6B25C00064}.Release|Any CPU.Build.0 = Release|Any CPU
		{F3C74D98-2748-C763-B7FC-570977BECFFA}.Debug|Any CPU.ActiveCfg = Debug|Any CPU
		{F3C74D98-2748-C763-B7FC-570977BECFFA}.Debug|Any CPU.Build.0 = Debug|Any CPU
		{F3C74D98-2748-C763-B7FC-570977BECFFA}.Release|Any CPU.ActiveCfg = Release|Any CPU
		{F3C74D98-2748-C763-B7FC-570977BECFFA}.Release|Any CPU.Build.0 = Release|Any CPU
		{396B7708-03C4-537D-54D1-38B5CD7AD84F}.Debug|Any CPU.ActiveCfg = Debug|Any CPU
		{396B7708-03C4-537D-54D1-38B5CD7AD84F}.Debug|Any CPU.Build.0 = Debug|Any CPU
		{396B7708-03C4-537D-54D1-38B5CD7AD84F}.Release|Any CPU.ActiveCfg = Release|Any CPU
		{396B7708-03C4-537D-54D1-38B5CD7AD84F}.Release|Any CPU.Build.0 = Release|Any CPU
		{D59D4C40-B104-54BC-022E-75DDE62A47D9}.Debug|Any CPU.ActiveCfg = Debug|Any CPU
		{D59D4C40-B104-54BC-022E-75DDE62A47D9}.Debug|Any CPU.Build.0 = Debug|Any CPU
		{D59D4C40-B104-54BC-022E-75DDE62A47D9}.Release|Any CPU.ActiveCfg = Release|Any CPU
		{D59D4C40-B104-54BC-022E-75DDE62A47D9}.Release|Any CPU.Build.0 = Release|Any CPU
	EndGlobalSection
	GlobalSection(SolutionProperties) = preSolution
		HideSolutionNode = FALSE
	EndGlobalSection
EndGlobal
